
Microsoft Visual Studio Solution File, Format Version 12.00
# Visual Studio Version 17
VisualStudioVersion = 17.0.32014.148
MinimumVisualStudioVersion = 10.0.40219.1
Project("{FAE04EC0-301F-11D3-BF4B-00C04F79EFBC}") = "Worksheets", "Worksheets\Worksheets.csproj", "{18D08508-CAC8-49E8-8D9D-D292C8F990A4}"
EndProject
Global
	GlobalSection(SolutionConfigurationPlatforms) = preSolution
		Debug|Any CPU = Debug|Any CPU
		Release|Any CPU = Release|Any CPU
	EndGlobalSection
	GlobalSection(ProjectConfigurationPlatforms) = postSolution
		{18D08508-CAC8-49E8-8D9D-D292C8F990A4}.Debug|Any CPU.ActiveCfg = Debug|Any CPU
		{18D08508-CAC8-49E8-8D9D-D292C8F990A4}.Debug|Any CPU.Build.0 = Debug|Any CPU
		{18D08508-CAC8-49E8-8D9D-D292C8F990A4}.Release|Any CPU.ActiveCfg = Release|Any CPU
		{18D08508-CAC8-49E8-8D9D-D292C8F990A4}.Release|Any CPU.Build.0 = Release|Any CPU
	EndGlobalSection
	GlobalSection(SolutionProperties) = preSolution
		HideSolutionNode = FALSE
	EndGlobalSection
	GlobalSection(ExtensibilityGlobals) = postSolution
		SolutionGuid = {23852ADD-5E90-40AA-A8C3-50653DEE0432}
	EndGlobalSection
EndGlobal
